// !$*UTF8*$!
{
	archiveVersion = 1;
	classes = {
	};
	objectVersion = 50;
	objects = {

/* Begin PBXBuildFile section */
		841A166625AC6CB700CDD982 /* AppDelegate.swift in Sources */ = {isa = PBXBuildFile; fileRef = 841A166525AC6CB700CDD982 /* AppDelegate.swift */; };
		841A166825AC6CB700CDD982 /* SceneDelegate.swift in Sources */ = {isa = PBXBuildFile; fileRef = 841A166725AC6CB700CDD982 /* SceneDelegate.swift */; };
		841A166A25AC6CB700CDD982 /* MainContentView.swift in Sources */ = {isa = PBXBuildFile; fileRef = 841A166925AC6CB700CDD982 /* MainContentView.swift */; };
		841A166C25AC6CBA00CDD982 /* Assets.xcassets in Resources */ = {isa = PBXBuildFile; fileRef = 841A166B25AC6CBA00CDD982 /* Assets.xcassets */; };
		841A166F25AC6CBA00CDD982 /* Preview Assets.xcassets in Resources */ = {isa = PBXBuildFile; fileRef = 841A166E25AC6CBA00CDD982 /* Preview Assets.xcassets */; };
		841A167225AC6CBA00CDD982 /* LaunchScreen.storyboard in Resources */ = {isa = PBXBuildFile; fileRef = 841A167025AC6CBA00CDD982 /* LaunchScreen.storyboard */; };
		841A169F25AC6F4900CDD982 /* MainContentViewModel.swift in Sources */ = {isa = PBXBuildFile; fileRef = 841A169E25AC6F4900CDD982 /* MainContentViewModel.swift */; };
		841A16AF25AC725E00CDD982 /* APIController.swift in Sources */ = {isa = PBXBuildFile; fileRef = 841A16AE25AC725E00CDD982 /* APIController.swift */; };
		841A16B425AC835300CDD982 /* LiveRateRequest.swift in Sources */ = {isa = PBXBuildFile; fileRef = 841A16B325AC835300CDD982 /* LiveRateRequest.swift */; };
		841A16C125ACB26E00CDD982 /* CurrencyListView.swift in Sources */ = {isa = PBXBuildFile; fileRef = 841A16C025ACB26E00CDD982 /* CurrencyListView.swift */; };
		841A172E25ACD41100CDD982 /* LiveRateResponse.swift in Sources */ = {isa = PBXBuildFile; fileRef = 841A172D25ACD41100CDD982 /* LiveRateResponse.swift */; };
		841A173325ACD75500CDD982 /* UserDefaultsController.swift in Sources */ = {isa = PBXBuildFile; fileRef = 841A173225ACD75500CDD982 /* UserDefaultsController.swift */; };
		841A173825ACE40A00CDD982 /* ConvertRequest.swift in Sources */ = {isa = PBXBuildFile; fileRef = 841A173725ACE40A00CDD982 /* ConvertRequest.swift */; };
		841A174025ACE43D00CDD982 /* ConvertResponse.swift in Sources */ = {isa = PBXBuildFile; fileRef = 841A173F25ACE43D00CDD982 /* ConvertResponse.swift */; };
		841A174525ACEF5700CDD982 /* CurrencyListRequest.swift in Sources */ = {isa = PBXBuildFile; fileRef = 841A174425ACEF5700CDD982 /* CurrencyListRequest.swift */; };
		841A174A25ACEF6000CDD982 /* CurrencyListResponse.swift in Sources */ = {isa = PBXBuildFile; fileRef = 841A174925ACEF6000CDD982 /* CurrencyListResponse.swift */; };
		841A176925AD0CAC00CDD982 /* CurrencyAPIUnitTest.swift in Sources */ = {isa = PBXBuildFile; fileRef = 841A176825AD0CAC00CDD982 /* CurrencyAPIUnitTest.swift */; };
		841A176E25AD0D2E00CDD982 /* UnitTestAPIController.swift in Sources */ = {isa = PBXBuildFile; fileRef = 841A176D25AD0D2E00CDD982 /* UnitTestAPIController.swift */; };
		844370B526E65F9100925DFA /* Assets.xcassets in Resources */ = {isa = PBXBuildFile; fileRef = 844370B426E65F9100925DFA /* Assets.xcassets */; };
		844370BC26E65F9200925DFA /* CurrencyExchangeWatchApp Extension.appex in Embed App Extensions */ = {isa = PBXBuildFile; fileRef = 844370BB26E65F9200925DFA /* CurrencyExchangeWatchApp Extension.appex */; settings = {ATTRIBUTES = (RemoveHeadersOnCopy, ); }; };
		844370C126E65F9200925DFA /* CurrencyExchangeAppApp.swift in Sources */ = {isa = PBXBuildFile; fileRef = 844370C026E65F9200925DFA /* CurrencyExchangeAppApp.swift */; };
		844370C326E65F9200925DFA /* ContentView.swift in Sources */ = {isa = PBXBuildFile; fileRef = 844370C226E65F9200925DFA /* ContentView.swift */; };
		844370C526E65F9200925DFA /* NotificationController.swift in Sources */ = {isa = PBXBuildFile; fileRef = 844370C426E65F9200925DFA /* NotificationController.swift */; };
		844370C726E65F9200925DFA /* NotificationView.swift in Sources */ = {isa = PBXBuildFile; fileRef = 844370C626E65F9200925DFA /* NotificationView.swift */; };
		844370C926E65F9200925DFA /* ComplicationController.swift in Sources */ = {isa = PBXBuildFile; fileRef = 844370C826E65F9200925DFA /* ComplicationController.swift */; };
		844370CB26E65F9200925DFA /* Assets.xcassets in Resources */ = {isa = PBXBuildFile; fileRef = 844370CA26E65F9200925DFA /* Assets.xcassets */; };
		844370CE26E65F9200925DFA /* Preview Assets.xcassets in Resources */ = {isa = PBXBuildFile; fileRef = 844370CD26E65F9200925DFA /* Preview Assets.xcassets */; };
		844370DA26E65F9200925DFA /* CurrencyExchangeWatchAppTests.swift in Sources */ = {isa = PBXBuildFile; fileRef = 844370D926E65F9200925DFA /* CurrencyExchangeWatchAppTests.swift */; };
		844370E526E65F9300925DFA /* CurrencyExchangeWatchAppUITests.swift in Sources */ = {isa = PBXBuildFile; fileRef = 844370E426E65F9300925DFA /* CurrencyExchangeWatchAppUITests.swift */; };
		844370E926E65F9300925DFA /* CurrencyExchangeWatchApp.app in Embed Watch Content */ = {isa = PBXBuildFile; fileRef = 844370B226E65F9000925DFA /* CurrencyExchangeWatchApp.app */; settings = {ATTRIBUTES = (RemoveHeadersOnCopy, ); }; };
/* End PBXBuildFile section */

/* Begin PBXContainerItemProxy section */
		841A167925AC6CBB00CDD982 /* PBXContainerItemProxy */ = {
			isa = PBXContainerItemProxy;
			containerPortal = 841A165A25AC6CB700CDD982 /* Project object */;
			proxyType = 1;
			remoteGlobalIDString = 841A166125AC6CB700CDD982;
			remoteInfo = CurrencyExchangeApp;
		};
		844370BD26E65F9200925DFA /* PBXContainerItemProxy */ = {
			isa = PBXContainerItemProxy;
			containerPortal = 841A165A25AC6CB700CDD982 /* Project object */;
			proxyType = 1;
			remoteGlobalIDString = 844370BA26E65F9200925DFA;
			remoteInfo = "CurrencyExchangeWatchApp Extension";
		};
		844370D626E65F9200925DFA /* PBXContainerItemProxy */ = {
			isa = PBXContainerItemProxy;
			containerPortal = 841A165A25AC6CB700CDD982 /* Project object */;
			proxyType = 1;
			remoteGlobalIDString = 844370BA26E65F9200925DFA;
			remoteInfo = "CurrencyExchangeWatchApp Extension";
		};
		844370E126E65F9300925DFA /* PBXContainerItemProxy */ = {
			isa = PBXContainerItemProxy;
			containerPortal = 841A165A25AC6CB700CDD982 /* Project object */;
			proxyType = 1;
			remoteGlobalIDString = 844370B126E65F9000925DFA;
			remoteInfo = CurrencyExchangeWatchApp;
		};
		844370E726E65F9300925DFA /* PBXContainerItemProxy */ = {
			isa = PBXContainerItemProxy;
			containerPortal = 841A165A25AC6CB700CDD982 /* Project object */;
			proxyType = 1;
			remoteGlobalIDString = 844370B126E65F9000925DFA;
			remoteInfo = CurrencyExchangeWatchApp;
		};
/* End PBXContainerItemProxy section */

/* Begin PBXCopyFilesBuildPhase section */
		844370EA26E65F9300925DFA /* Embed Watch Content */ = {
			isa = PBXCopyFilesBuildPhase;
			buildActionMask = 2147483647;
			dstPath = "$(CONTENTS_FOLDER_PATH)/Watch";
			dstSubfolderSpec = 16;
			files = (
				844370E926E65F9300925DFA /* CurrencyExchangeWatchApp.app in Embed Watch Content */,
			);
			name = "Embed Watch Content";
			runOnlyForDeploymentPostprocessing = 0;
		};
		844370ED26E65F9300925DFA /* Embed App Extensions */ = {
			isa = PBXCopyFilesBuildPhase;
			buildActionMask = 2147483647;
			dstPath = "";
			dstSubfolderSpec = 13;
			files = (
				844370BC26E65F9200925DFA /* CurrencyExchangeWatchApp Extension.appex in Embed App Extensions */,
			);
			name = "Embed App Extensions";
			runOnlyForDeploymentPostprocessing = 0;
		};
/* End PBXCopyFilesBuildPhase section */

/* Begin PBXFileReference section */
		841A166225AC6CB700CDD982 /* CurrencyExchangeApp.app */ = {isa = PBXFileReference; explicitFileType = wrapper.application; includeInIndex = 0; path = CurrencyExchangeApp.app; sourceTree = BUILT_PRODUCTS_DIR; };
		841A166525AC6CB700CDD982 /* AppDelegate.swift */ = {isa = PBXFileReference; lastKnownFileType = sourcecode.swift; path = AppDelegate.swift; sourceTree = "<group>"; };
		841A166725AC6CB700CDD982 /* SceneDelegate.swift */ = {isa = PBXFileReference; lastKnownFileType = sourcecode.swift; path = SceneDelegate.swift; sourceTree = "<group>"; };
		841A166925AC6CB700CDD982 /* MainContentView.swift */ = {isa = PBXFileReference; lastKnownFileType = sourcecode.swift; path = MainContentView.swift; sourceTree = "<group>"; };
		841A166B25AC6CBA00CDD982 /* Assets.xcassets */ = {isa = PBXFileReference; lastKnownFileType = folder.assetcatalog; path = Assets.xcassets; sourceTree = "<group>"; };
		841A166E25AC6CBA00CDD982 /* Preview Assets.xcassets */ = {isa = PBXFileReference; lastKnownFileType = folder.assetcatalog; path = "Preview Assets.xcassets"; sourceTree = "<group>"; };
		841A167125AC6CBA00CDD982 /* Base */ = {isa = PBXFileReference; lastKnownFileType = file.storyboard; name = Base; path = Base.lproj/LaunchScreen.storyboard; sourceTree = "<group>"; };
		841A167325AC6CBA00CDD982 /* Info.plist */ = {isa = PBXFileReference; lastKnownFileType = text.plist.xml; path = Info.plist; sourceTree = "<group>"; };
		841A167825AC6CBB00CDD982 /* CurrencyExchangeAppTests.xctest */ = {isa = PBXFileReference; explicitFileType = wrapper.cfbundle; includeInIndex = 0; path = CurrencyExchangeAppTests.xctest; sourceTree = BUILT_PRODUCTS_DIR; };
		841A167E25AC6CBB00CDD982 /* Info.plist */ = {isa = PBXFileReference; lastKnownFileType = text.plist.xml; path = Info.plist; sourceTree = "<group>"; };
		841A169E25AC6F4900CDD982 /* MainContentViewModel.swift */ = {isa = PBXFileReference; lastKnownFileType = sourcecode.swift; path = MainContentViewModel.swift; sourceTree = "<group>"; };
		841A16AE25AC725E00CDD982 /* APIController.swift */ = {isa = PBXFileReference; lastKnownFileType = sourcecode.swift; path = APIController.swift; sourceTree = "<group>"; };
		841A16B325AC835300CDD982 /* LiveRateRequest.swift */ = {isa = PBXFileReference; lastKnownFileType = sourcecode.swift; path = LiveRateRequest.swift; sourceTree = "<group>"; };
		841A16C025ACB26E00CDD982 /* CurrencyListView.swift */ = {isa = PBXFileReference; lastKnownFileType = sourcecode.swift; path = CurrencyListView.swift; sourceTree = "<group>"; };
		841A172D25ACD41100CDD982 /* LiveRateResponse.swift */ = {isa = PBXFileReference; lastKnownFileType = sourcecode.swift; path = LiveRateResponse.swift; sourceTree = "<group>"; };
		841A173225ACD75500CDD982 /* UserDefaultsController.swift */ = {isa = PBXFileReference; lastKnownFileType = sourcecode.swift; path = UserDefaultsController.swift; sourceTree = "<group>"; };
		841A173725ACE40A00CDD982 /* ConvertRequest.swift */ = {isa = PBXFileReference; lastKnownFileType = sourcecode.swift; path = ConvertRequest.swift; sourceTree = "<group>"; };
		841A173F25ACE43D00CDD982 /* ConvertResponse.swift */ = {isa = PBXFileReference; lastKnownFileType = sourcecode.swift; path = ConvertResponse.swift; sourceTree = "<group>"; };
		841A174425ACEF5700CDD982 /* CurrencyListRequest.swift */ = {isa = PBXFileReference; lastKnownFileType = sourcecode.swift; path = CurrencyListRequest.swift; sourceTree = "<group>"; };
		841A174925ACEF6000CDD982 /* CurrencyListResponse.swift */ = {isa = PBXFileReference; lastKnownFileType = sourcecode.swift; name = CurrencyListResponse.swift; path = CurrencyExchangeApp/Service/CurrencyListResponse.swift; sourceTree = SOURCE_ROOT; };
		841A176825AD0CAC00CDD982 /* CurrencyAPIUnitTest.swift */ = {isa = PBXFileReference; lastKnownFileType = sourcecode.swift; path = CurrencyAPIUnitTest.swift; sourceTree = "<group>"; };
		841A176D25AD0D2E00CDD982 /* UnitTestAPIController.swift */ = {isa = PBXFileReference; lastKnownFileType = sourcecode.swift; path = UnitTestAPIController.swift; sourceTree = "<group>"; };
		844370B226E65F9000925DFA /* CurrencyExchangeWatchApp.app */ = {isa = PBXFileReference; explicitFileType = wrapper.application; includeInIndex = 0; path = CurrencyExchangeWatchApp.app; sourceTree = BUILT_PRODUCTS_DIR; };
		844370B426E65F9100925DFA /* Assets.xcassets */ = {isa = PBXFileReference; lastKnownFileType = folder.assetcatalog; path = Assets.xcassets; sourceTree = "<group>"; };
		844370B626E65F9100925DFA /* Info.plist */ = {isa = PBXFileReference; lastKnownFileType = text.plist.xml; path = Info.plist; sourceTree = "<group>"; };
		844370BB26E65F9200925DFA /* CurrencyExchangeWatchApp Extension.appex */ = {isa = PBXFileReference; explicitFileType = "wrapper.app-extension"; includeInIndex = 0; path = "CurrencyExchangeWatchApp Extension.appex"; sourceTree = BUILT_PRODUCTS_DIR; };
		844370C026E65F9200925DFA /* CurrencyExchangeAppApp.swift */ = {isa = PBXFileReference; lastKnownFileType = sourcecode.swift; path = CurrencyExchangeAppApp.swift; sourceTree = "<group>"; };
		844370C226E65F9200925DFA /* ContentView.swift */ = {isa = PBXFileReference; lastKnownFileType = sourcecode.swift; path = ContentView.swift; sourceTree = "<group>"; };
		844370C426E65F9200925DFA /* NotificationController.swift */ = {isa = PBXFileReference; lastKnownFileType = sourcecode.swift; path = NotificationController.swift; sourceTree = "<group>"; };
		844370C626E65F9200925DFA /* NotificationView.swift */ = {isa = PBXFileReference; lastKnownFileType = sourcecode.swift; path = NotificationView.swift; sourceTree = "<group>"; };
		844370C826E65F9200925DFA /* ComplicationController.swift */ = {isa = PBXFileReference; lastKnownFileType = sourcecode.swift; path = ComplicationController.swift; sourceTree = "<group>"; };
		844370CA26E65F9200925DFA /* Assets.xcassets */ = {isa = PBXFileReference; lastKnownFileType = folder.assetcatalog; path = Assets.xcassets; sourceTree = "<group>"; };
		844370CD26E65F9200925DFA /* Preview Assets.xcassets */ = {isa = PBXFileReference; lastKnownFileType = folder.assetcatalog; path = "Preview Assets.xcassets"; sourceTree = "<group>"; };
		844370CF26E65F9200925DFA /* Info.plist */ = {isa = PBXFileReference; lastKnownFileType = text.plist.xml; path = Info.plist; sourceTree = "<group>"; };
		844370D026E65F9200925DFA /* PushNotificationPayload.apns */ = {isa = PBXFileReference; lastKnownFileType = text; path = PushNotificationPayload.apns; sourceTree = "<group>"; };
		844370D526E65F9200925DFA /* CurrencyExchangeWatchAppTests.xctest */ = {isa = PBXFileReference; explicitFileType = wrapper.cfbundle; includeInIndex = 0; path = CurrencyExchangeWatchAppTests.xctest; sourceTree = BUILT_PRODUCTS_DIR; };
		844370D926E65F9200925DFA /* CurrencyExchangeWatchAppTests.swift */ = {isa = PBXFileReference; lastKnownFileType = sourcecode.swift; path = CurrencyExchangeWatchAppTests.swift; sourceTree = "<group>"; };
		844370DB26E65F9200925DFA /* Info.plist */ = {isa = PBXFileReference; lastKnownFileType = text.plist.xml; path = Info.plist; sourceTree = "<group>"; };
		844370E026E65F9300925DFA /* CurrencyExchangeWatchAppUITests.xctest */ = {isa = PBXFileReference; explicitFileType = wrapper.cfbundle; includeInIndex = 0; path = CurrencyExchangeWatchAppUITests.xctest; sourceTree = BUILT_PRODUCTS_DIR; };
		844370E426E65F9300925DFA /* CurrencyExchangeWatchAppUITests.swift */ = {isa = PBXFileReference; lastKnownFileType = sourcecode.swift; path = CurrencyExchangeWatchAppUITests.swift; sourceTree = "<group>"; };
		844370E626E65F9300925DFA /* Info.plist */ = {isa = PBXFileReference; lastKnownFileType = text.plist.xml; path = Info.plist; sourceTree = "<group>"; };
/* End PBXFileReference section */

/* Begin PBXFrameworksBuildPhase section */
		841A165F25AC6CB700CDD982 /* Frameworks */ = {
			isa = PBXFrameworksBuildPhase;
			buildActionMask = 2147483647;
			files = (
			);
			runOnlyForDeploymentPostprocessing = 0;
		};
		841A167525AC6CBB00CDD982 /* Frameworks */ = {
			isa = PBXFrameworksBuildPhase;
			buildActionMask = 2147483647;
			files = (
			);
			runOnlyForDeploymentPostprocessing = 0;
		};
		844370B826E65F9200925DFA /* Frameworks */ = {
			isa = PBXFrameworksBuildPhase;
			buildActionMask = 2147483647;
			files = (
			);
			runOnlyForDeploymentPostprocessing = 0;
		};
		844370D226E65F9200925DFA /* Frameworks */ = {
			isa = PBXFrameworksBuildPhase;
			buildActionMask = 2147483647;
			files = (
			);
			runOnlyForDeploymentPostprocessing = 0;
		};
		844370DD26E65F9300925DFA /* Frameworks */ = {
			isa = PBXFrameworksBuildPhase;
			buildActionMask = 2147483647;
			files = (
			);
			runOnlyForDeploymentPostprocessing = 0;
		};
/* End PBXFrameworksBuildPhase section */

/* Begin PBXGroup section */
		841A165925AC6CB700CDD982 = {
			isa = PBXGroup;
			children = (
				841A166425AC6CB700CDD982 /* CurrencyExchangeApp */,
				841A167B25AC6CBB00CDD982 /* CurrencyExchangeAppTests */,
				844370B326E65F9000925DFA /* CurrencyExchangeWatchApp */,
				844370BF26E65F9200925DFA /* CurrencyExchangeWatchApp Extension */,
				844370D826E65F9200925DFA /* CurrencyExchangeWatchAppTests */,
				844370E326E65F9300925DFA /* CurrencyExchangeWatchAppUITests */,
				841A166325AC6CB700CDD982 /* Products */,
			);
			sourceTree = "<group>";
		};
		841A166325AC6CB700CDD982 /* Products */ = {
			isa = PBXGroup;
			children = (
				841A166225AC6CB700CDD982 /* CurrencyExchangeApp.app */,
				841A167825AC6CBB00CDD982 /* CurrencyExchangeAppTests.xctest */,
				844370B226E65F9000925DFA /* CurrencyExchangeWatchApp.app */,
				844370BB26E65F9200925DFA /* CurrencyExchangeWatchApp Extension.appex */,
				844370D526E65F9200925DFA /* CurrencyExchangeWatchAppTests.xctest */,
				844370E026E65F9300925DFA /* CurrencyExchangeWatchAppUITests.xctest */,
			);
			name = Products;
			sourceTree = "<group>";
		};
		841A166425AC6CB700CDD982 /* CurrencyExchangeApp */ = {
			isa = PBXGroup;
			children = (
				841A16A825AC70BB00CDD982 /* Service */,
				841A169825AC6E8F00CDD982 /* Model */,
				841A169925AC6E9A00CDD982 /* View */,
				841A169A25AC6EA800CDD982 /* ViewModel */,
				841A166525AC6CB700CDD982 /* AppDelegate.swift */,
				841A166725AC6CB700CDD982 /* SceneDelegate.swift */,
				841A166B25AC6CBA00CDD982 /* Assets.xcassets */,
				841A167025AC6CBA00CDD982 /* LaunchScreen.storyboard */,
				841A167325AC6CBA00CDD982 /* Info.plist */,
				841A166D25AC6CBA00CDD982 /* Preview Content */,
			);
			path = CurrencyExchangeApp;
			sourceTree = "<group>";
		};
		841A166D25AC6CBA00CDD982 /* Preview Content */ = {
			isa = PBXGroup;
			children = (
				841A166E25AC6CBA00CDD982 /* Preview Assets.xcassets */,
			);
			path = "Preview Content";
			sourceTree = "<group>";
		};
		841A167B25AC6CBB00CDD982 /* CurrencyExchangeAppTests */ = {
			isa = PBXGroup;
			children = (
				841A167E25AC6CBB00CDD982 /* Info.plist */,
				841A176825AD0CAC00CDD982 /* CurrencyAPIUnitTest.swift */,
				841A176D25AD0D2E00CDD982 /* UnitTestAPIController.swift */,
			);
			path = CurrencyExchangeAppTests;
			sourceTree = "<group>";
		};
		841A169825AC6E8F00CDD982 /* Model */ = {
			isa = PBXGroup;
			children = (
				841A172D25ACD41100CDD982 /* LiveRateResponse.swift */,
				841A173F25ACE43D00CDD982 /* ConvertResponse.swift */,
				841A174925ACEF6000CDD982 /* CurrencyListResponse.swift */,
			);
			path = Model;
			sourceTree = "<group>";
		};
		841A169925AC6E9A00CDD982 /* View */ = {
			isa = PBXGroup;
			children = (
				841A166925AC6CB700CDD982 /* MainContentView.swift */,
				841A16C025ACB26E00CDD982 /* CurrencyListView.swift */,
			);
			path = View;
			sourceTree = "<group>";
		};
		841A169A25AC6EA800CDD982 /* ViewModel */ = {
			isa = PBXGroup;
			children = (
				841A169E25AC6F4900CDD982 /* MainContentViewModel.swift */,
			);
			path = ViewModel;
			sourceTree = "<group>";
		};
		841A16A825AC70BB00CDD982 /* Service */ = {
			isa = PBXGroup;
			children = (
				841A16AE25AC725E00CDD982 /* APIController.swift */,
				841A173225ACD75500CDD982 /* UserDefaultsController.swift */,
				841A16B325AC835300CDD982 /* LiveRateRequest.swift */,
				841A173725ACE40A00CDD982 /* ConvertRequest.swift */,
				841A174425ACEF5700CDD982 /* CurrencyListRequest.swift */,
			);
			path = Service;
			sourceTree = "<group>";
		};
		844370B326E65F9000925DFA /* CurrencyExchangeWatchApp */ = {
			isa = PBXGroup;
			children = (
				844370B426E65F9100925DFA /* Assets.xcassets */,
				844370B626E65F9100925DFA /* Info.plist */,
			);
			path = CurrencyExchangeWatchApp;
			sourceTree = "<group>";
		};
		844370BF26E65F9200925DFA /* CurrencyExchangeWatchApp Extension */ = {
			isa = PBXGroup;
			children = (
				844370C026E65F9200925DFA /* CurrencyExchangeAppApp.swift */,
				844370C226E65F9200925DFA /* ContentView.swift */,
				844370C426E65F9200925DFA /* NotificationController.swift */,
				844370C626E65F9200925DFA /* NotificationView.swift */,
				844370C826E65F9200925DFA /* ComplicationController.swift */,
				844370CA26E65F9200925DFA /* Assets.xcassets */,
				844370CF26E65F9200925DFA /* Info.plist */,
				844370D026E65F9200925DFA /* PushNotificationPayload.apns */,
				844370CC26E65F9200925DFA /* Preview Content */,
			);
			path = "CurrencyExchangeWatchApp Extension";
			sourceTree = "<group>";
		};
		844370CC26E65F9200925DFA /* Preview Content */ = {
			isa = PBXGroup;
			children = (
				844370CD26E65F9200925DFA /* Preview Assets.xcassets */,
			);
			path = "Preview Content";
			sourceTree = "<group>";
		};
		844370D826E65F9200925DFA /* CurrencyExchangeWatchAppTests */ = {
			isa = PBXGroup;
			children = (
				844370D926E65F9200925DFA /* CurrencyExchangeWatchAppTests.swift */,
				844370DB26E65F9200925DFA /* Info.plist */,
			);
			path = CurrencyExchangeWatchAppTests;
			sourceTree = "<group>";
		};
		844370E326E65F9300925DFA /* CurrencyExchangeWatchAppUITests */ = {
			isa = PBXGroup;
			children = (
				844370E426E65F9300925DFA /* CurrencyExchangeWatchAppUITests.swift */,
				844370E626E65F9300925DFA /* Info.plist */,
			);
			path = CurrencyExchangeWatchAppUITests;
			sourceTree = "<group>";
		};
/* End PBXGroup section */

/* Begin PBXNativeTarget section */
		841A166125AC6CB700CDD982 /* CurrencyExchangeApp */ = {
			isa = PBXNativeTarget;
			buildConfigurationList = 841A168C25AC6CBB00CDD982 /* Build configuration list for PBXNativeTarget "CurrencyExchangeApp" */;
			buildPhases = (
				841A165E25AC6CB700CDD982 /* Sources */,
				841A165F25AC6CB700CDD982 /* Frameworks */,
				841A166025AC6CB700CDD982 /* Resources */,
				844370EA26E65F9300925DFA /* Embed Watch Content */,
			);
			buildRules = (
			);
			dependencies = (
				844370E826E65F9300925DFA /* PBXTargetDependency */,
			);
			name = CurrencyExchangeApp;
			productName = CurrencyExchangeApp;
			productReference = 841A166225AC6CB700CDD982 /* CurrencyExchangeApp.app */;
			productType = "com.apple.product-type.application";
		};
		841A167725AC6CBB00CDD982 /* CurrencyExchangeAppTests */ = {
			isa = PBXNativeTarget;
			buildConfigurationList = 841A168F25AC6CBB00CDD982 /* Build configuration list for PBXNativeTarget "CurrencyExchangeAppTests" */;
			buildPhases = (
				841A167425AC6CBB00CDD982 /* Sources */,
				841A167525AC6CBB00CDD982 /* Frameworks */,
				841A167625AC6CBB00CDD982 /* Resources */,
			);
			buildRules = (
			);
			dependencies = (
				841A167A25AC6CBB00CDD982 /* PBXTargetDependency */,
			);
			name = CurrencyExchangeAppTests;
			productName = CurrencyExchangeAppTests;
			productReference = 841A167825AC6CBB00CDD982 /* CurrencyExchangeAppTests.xctest */;
			productType = "com.apple.product-type.bundle.unit-test";
		};
		844370B126E65F9000925DFA /* CurrencyExchangeWatchApp */ = {
			isa = PBXNativeTarget;
			buildConfigurationList = 844370F526E65F9300925DFA /* Build configuration list for PBXNativeTarget "CurrencyExchangeWatchApp" */;
			buildPhases = (
				844370B026E65F9000925DFA /* Resources */,
				844370ED26E65F9300925DFA /* Embed App Extensions */,
			);
			buildRules = (
			);
			dependencies = (
				844370BE26E65F9200925DFA /* PBXTargetDependency */,
			);
			name = CurrencyExchangeWatchApp;
			productName = CurrencyExchangeWatchApp;
			productReference = 844370B226E65F9000925DFA /* CurrencyExchangeWatchApp.app */;
			productType = "com.apple.product-type.application.watchapp2";
		};
		844370BA26E65F9200925DFA /* CurrencyExchangeWatchApp Extension */ = {
			isa = PBXNativeTarget;
			buildConfigurationList = 844370F426E65F9300925DFA /* Build configuration list for PBXNativeTarget "CurrencyExchangeWatchApp Extension" */;
			buildPhases = (
				844370B726E65F9200925DFA /* Sources */,
				844370B826E65F9200925DFA /* Frameworks */,
				844370B926E65F9200925DFA /* Resources */,
			);
			buildRules = (
			);
			dependencies = (
			);
			name = "CurrencyExchangeWatchApp Extension";
			productName = "CurrencyExchangeWatchApp Extension";
			productReference = 844370BB26E65F9200925DFA /* CurrencyExchangeWatchApp Extension.appex */;
			productType = "com.apple.product-type.watchkit2-extension";
		};
		844370D426E65F9200925DFA /* CurrencyExchangeWatchAppTests */ = {
			isa = PBXNativeTarget;
			buildConfigurationList = 844370F626E65F9300925DFA /* Build configuration list for PBXNativeTarget "CurrencyExchangeWatchAppTests" */;
			buildPhases = (
				844370D126E65F9200925DFA /* Sources */,
				844370D226E65F9200925DFA /* Frameworks */,
				844370D326E65F9200925DFA /* Resources */,
			);
			buildRules = (
			);
			dependencies = (
				844370D726E65F9200925DFA /* PBXTargetDependency */,
			);
			name = CurrencyExchangeWatchAppTests;
			productName = CurrencyExchangeWatchAppTests;
			productReference = 844370D526E65F9200925DFA /* CurrencyExchangeWatchAppTests.xctest */;
			productType = "com.apple.product-type.bundle.unit-test";
		};
		844370DF26E65F9300925DFA /* CurrencyExchangeWatchAppUITests */ = {
			isa = PBXNativeTarget;
			buildConfigurationList = 844370F726E65F9300925DFA /* Build configuration list for PBXNativeTarget "CurrencyExchangeWatchAppUITests" */;
			buildPhases = (
				844370DC26E65F9300925DFA /* Sources */,
				844370DD26E65F9300925DFA /* Frameworks */,
				844370DE26E65F9300925DFA /* Resources */,
			);
			buildRules = (
			);
			dependencies = (
				844370E226E65F9300925DFA /* PBXTargetDependency */,
			);
			name = CurrencyExchangeWatchAppUITests;
			productName = CurrencyExchangeWatchAppUITests;
			productReference = 844370E026E65F9300925DFA /* CurrencyExchangeWatchAppUITests.xctest */;
			productType = "com.apple.product-type.bundle.ui-testing";
		};
/* End PBXNativeTarget section */

/* Begin PBXProject section */
		841A165A25AC6CB700CDD982 /* Project object */ = {
			isa = PBXProject;
			attributes = {
				LastSwiftUpdateCheck = 1250;
				LastUpgradeCheck = 1230;
				TargetAttributes = {
					841A166125AC6CB700CDD982 = {
						CreatedOnToolsVersion = 12.3;
					};
					841A167725AC6CBB00CDD982 = {
						CreatedOnToolsVersion = 12.3;
						TestTargetID = 841A166125AC6CB700CDD982;
					};
					844370B126E65F9000925DFA = {
						CreatedOnToolsVersion = 12.5.1;
					};
					844370BA26E65F9200925DFA = {
						CreatedOnToolsVersion = 12.5.1;
					};
					844370D426E65F9200925DFA = {
						CreatedOnToolsVersion = 12.5.1;
						TestTargetID = 844370BA26E65F9200925DFA;
					};
					844370DF26E65F9300925DFA = {
						CreatedOnToolsVersion = 12.5.1;
						TestTargetID = 844370B126E65F9000925DFA;
					};
				};
			};
			buildConfigurationList = 841A165D25AC6CB700CDD982 /* Build configuration list for PBXProject "CurrencyExchangeApp" */;
			compatibilityVersion = "Xcode 9.3";
			developmentRegion = en;
			hasScannedForEncodings = 0;
			knownRegions = (
				en,
				Base,
			);
			mainGroup = 841A165925AC6CB700CDD982;
			productRefGroup = 841A166325AC6CB700CDD982 /* Products */;
			projectDirPath = "";
			projectRoot = "";
			targets = (
				841A166125AC6CB700CDD982 /* CurrencyExchangeApp */,
				841A167725AC6CBB00CDD982 /* CurrencyExchangeAppTests */,
				844370B126E65F9000925DFA /* CurrencyExchangeWatchApp */,
				844370BA26E65F9200925DFA /* CurrencyExchangeWatchApp Extension */,
				844370D426E65F9200925DFA /* CurrencyExchangeWatchAppTests */,
				844370DF26E65F9300925DFA /* CurrencyExchangeWatchAppUITests */,
			);
		};
/* End PBXProject section */

/* Begin PBXResourcesBuildPhase section */
		841A166025AC6CB700CDD982 /* Resources */ = {
			isa = PBXResourcesBuildPhase;
			buildActionMask = 2147483647;
			files = (
				841A167225AC6CBA00CDD982 /* LaunchScreen.storyboard in Resources */,
				841A166F25AC6CBA00CDD982 /* Preview Assets.xcassets in Resources */,
				841A166C25AC6CBA00CDD982 /* Assets.xcassets in Resources */,
			);
			runOnlyForDeploymentPostprocessing = 0;
		};
		841A167625AC6CBB00CDD982 /* Resources */ = {
			isa = PBXResourcesBuildPhase;
			buildActionMask = 2147483647;
			files = (
			);
			runOnlyForDeploymentPostprocessing = 0;
		};
		844370B026E65F9000925DFA /* Resources */ = {
			isa = PBXResourcesBuildPhase;
			buildActionMask = 2147483647;
			files = (
				844370B526E65F9100925DFA /* Assets.xcassets in Resources */,
			);
			runOnlyForDeploymentPostprocessing = 0;
		};
		844370B926E65F9200925DFA /* Resources */ = {
			isa = PBXResourcesBuildPhase;
			buildActionMask = 2147483647;
			files = (
				844370CE26E65F9200925DFA /* Preview Assets.xcassets in Resources */,
				844370CB26E65F9200925DFA /* Assets.xcassets in Resources */,
			);
			runOnlyForDeploymentPostprocessing = 0;
		};
		844370D326E65F9200925DFA /* Resources */ = {
			isa = PBXResourcesBuildPhase;
			buildActionMask = 2147483647;
			files = (
			);
			runOnlyForDeploymentPostprocessing = 0;
		};
		844370DE26E65F9300925DFA /* Resources */ = {
			isa = PBXResourcesBuildPhase;
			buildActionMask = 2147483647;
			files = (
			);
			runOnlyForDeploymentPostprocessing = 0;
		};
/* End PBXResourcesBuildPhase section */

/* Begin PBXSourcesBuildPhase section */
		841A165E25AC6CB700CDD982 /* Sources */ = {
			isa = PBXSourcesBuildPhase;
			buildActionMask = 2147483647;
			files = (
				841A16AF25AC725E00CDD982 /* APIController.swift in Sources */,
				841A174025ACE43D00CDD982 /* ConvertResponse.swift in Sources */,
				841A166625AC6CB700CDD982 /* AppDelegate.swift in Sources */,
				841A16C125ACB26E00CDD982 /* CurrencyListView.swift in Sources */,
				841A169F25AC6F4900CDD982 /* MainContentViewModel.swift in Sources */,
				841A172E25ACD41100CDD982 /* LiveRateResponse.swift in Sources */,
				841A166825AC6CB700CDD982 /* SceneDelegate.swift in Sources */,
				841A16B425AC835300CDD982 /* LiveRateRequest.swift in Sources */,
				841A173825ACE40A00CDD982 /* ConvertRequest.swift in Sources */,
				841A174525ACEF5700CDD982 /* CurrencyListRequest.swift in Sources */,
				841A174A25ACEF6000CDD982 /* CurrencyListResponse.swift in Sources */,
				841A173325ACD75500CDD982 /* UserDefaultsController.swift in Sources */,
				841A166A25AC6CB700CDD982 /* MainContentView.swift in Sources */,
			);
			runOnlyForDeploymentPostprocessing = 0;
		};
		841A167425AC6CBB00CDD982 /* Sources */ = {
			isa = PBXSourcesBuildPhase;
			buildActionMask = 2147483647;
			files = (
				841A176925AD0CAC00CDD982 /* CurrencyAPIUnitTest.swift in Sources */,
				841A176E25AD0D2E00CDD982 /* UnitTestAPIController.swift in Sources */,
			);
			runOnlyForDeploymentPostprocessing = 0;
		};
		844370B726E65F9200925DFA /* Sources */ = {
			isa = PBXSourcesBuildPhase;
			buildActionMask = 2147483647;
			files = (
				844370C526E65F9200925DFA /* NotificationController.swift in Sources */,
				844370C326E65F9200925DFA /* ContentView.swift in Sources */,
				844370C926E65F9200925DFA /* ComplicationController.swift in Sources */,
				844370C126E65F9200925DFA /* CurrencyExchangeAppApp.swift in Sources */,
				844370C726E65F9200925DFA /* NotificationView.swift in Sources */,
			);
			runOnlyForDeploymentPostprocessing = 0;
		};
		844370D126E65F9200925DFA /* Sources */ = {
			isa = PBXSourcesBuildPhase;
			buildActionMask = 2147483647;
			files = (
				844370DA26E65F9200925DFA /* CurrencyExchangeWatchAppTests.swift in Sources */,
			);
			runOnlyForDeploymentPostprocessing = 0;
		};
		844370DC26E65F9300925DFA /* Sources */ = {
			isa = PBXSourcesBuildPhase;
			buildActionMask = 2147483647;
			files = (
				844370E526E65F9300925DFA /* CurrencyExchangeWatchAppUITests.swift in Sources */,
			);
			runOnlyForDeploymentPostprocessing = 0;
		};
/* End PBXSourcesBuildPhase section */

/* Begin PBXTargetDependency section */
		841A167A25AC6CBB00CDD982 /* PBXTargetDependency */ = {
			isa = PBXTargetDependency;
			target = 841A166125AC6CB700CDD982 /* CurrencyExchangeApp */;
			targetProxy = 841A167925AC6CBB00CDD982 /* PBXContainerItemProxy */;
		};
		844370BE26E65F9200925DFA /* PBXTargetDependency */ = {
			isa = PBXTargetDependency;
			target = 844370BA26E65F9200925DFA /* CurrencyExchangeWatchApp Extension */;
			targetProxy = 844370BD26E65F9200925DFA /* PBXContainerItemProxy */;
		};
		844370D726E65F9200925DFA /* PBXTargetDependency */ = {
			isa = PBXTargetDependency;
			target = 844370BA26E65F9200925DFA /* CurrencyExchangeWatchApp Extension */;
			targetProxy = 844370D626E65F9200925DFA /* PBXContainerItemProxy */;
		};
		844370E226E65F9300925DFA /* PBXTargetDependency */ = {
			isa = PBXTargetDependency;
			target = 844370B126E65F9000925DFA /* CurrencyExchangeWatchApp */;
			targetProxy = 844370E126E65F9300925DFA /* PBXContainerItemProxy */;
		};
		844370E826E65F9300925DFA /* PBXTargetDependency */ = {
			isa = PBXTargetDependency;
			target = 844370B126E65F9000925DFA /* CurrencyExchangeWatchApp */;
			targetProxy = 844370E726E65F9300925DFA /* PBXContainerItemProxy */;
		};
/* End PBXTargetDependency section */

/* Begin PBXVariantGroup section */
		841A167025AC6CBA00CDD982 /* LaunchScreen.storyboard */ = {
			isa = PBXVariantGroup;
			children = (
				841A167125AC6CBA00CDD982 /* Base */,
			);
			name = LaunchScreen.storyboard;
			sourceTree = "<group>";
		};
/* End PBXVariantGroup section */

/* Begin XCBuildConfiguration section */
		841A168A25AC6CBB00CDD982 /* Debug */ = {
			isa = XCBuildConfiguration;
			buildSettings = {
				ALWAYS_SEARCH_USER_PATHS = NO;
				CLANG_ANALYZER_NONNULL = YES;
				CLANG_ANALYZER_NUMBER_OBJECT_CONVERSION = YES_AGGRESSIVE;
				CLANG_CXX_LANGUAGE_STANDARD = "gnu++14";
				CLANG_CXX_LIBRARY = "libc++";
				CLANG_ENABLE_MODULES = YES;
				CLANG_ENABLE_OBJC_ARC = YES;
				CLANG_ENABLE_OBJC_WEAK = YES;
				CLANG_WARN_BLOCK_CAPTURE_AUTORELEASING = YES;
				CLANG_WARN_BOOL_CONVERSION = YES;
				CLANG_WARN_COMMA = YES;
				CLANG_WARN_CONSTANT_CONVERSION = YES;
				CLANG_WARN_DEPRECATED_OBJC_IMPLEMENTATIONS = YES;
				CLANG_WARN_DIRECT_OBJC_ISA_USAGE = YES_ERROR;
				CLANG_WARN_DOCUMENTATION_COMMENTS = YES;
				CLANG_WARN_EMPTY_BODY = YES;
				CLANG_WARN_ENUM_CONVERSION = YES;
				CLANG_WARN_INFINITE_RECURSION = YES;
				CLANG_WARN_INT_CONVERSION = YES;
				CLANG_WARN_NON_LITERAL_NULL_CONVERSION = YES;
				CLANG_WARN_OBJC_IMPLICIT_RETAIN_SELF = YES;
				CLANG_WARN_OBJC_LITERAL_CONVERSION = YES;
				CLANG_WARN_OBJC_ROOT_CLASS = YES_ERROR;
				CLANG_WARN_QUOTED_INCLUDE_IN_FRAMEWORK_HEADER = YES;
				CLANG_WARN_RANGE_LOOP_ANALYSIS = YES;
				CLANG_WARN_STRICT_PROTOTYPES = YES;
				CLANG_WARN_SUSPICIOUS_MOVE = YES;
				CLANG_WARN_UNGUARDED_AVAILABILITY = YES_AGGRESSIVE;
				CLANG_WARN_UNREACHABLE_CODE = YES;
				CLANG_WARN__DUPLICATE_METHOD_MATCH = YES;
				COPY_PHASE_STRIP = NO;
				DEBUG_INFORMATION_FORMAT = dwarf;
				ENABLE_STRICT_OBJC_MSGSEND = YES;
				ENABLE_TESTABILITY = YES;
				GCC_C_LANGUAGE_STANDARD = gnu11;
				GCC_DYNAMIC_NO_PIC = NO;
				GCC_NO_COMMON_BLOCKS = YES;
				GCC_OPTIMIZATION_LEVEL = 0;
				GCC_PREPROCESSOR_DEFINITIONS = (
					"DEBUG=1",
					"$(inherited)",
				);
				GCC_WARN_64_TO_32_BIT_CONVERSION = YES;
				GCC_WARN_ABOUT_RETURN_TYPE = YES_ERROR;
				GCC_WARN_UNDECLARED_SELECTOR = YES;
				GCC_WARN_UNINITIALIZED_AUTOS = YES_AGGRESSIVE;
				GCC_WARN_UNUSED_FUNCTION = YES;
				GCC_WARN_UNUSED_VARIABLE = YES;
				IPHONEOS_DEPLOYMENT_TARGET = 14.3;
				MTL_ENABLE_DEBUG_INFO = INCLUDE_SOURCE;
				MTL_FAST_MATH = YES;
				ONLY_ACTIVE_ARCH = YES;
				SDKROOT = iphoneos;
				SWIFT_ACTIVE_COMPILATION_CONDITIONS = DEBUG;
				SWIFT_OPTIMIZATION_LEVEL = "-Onone";
			};
			name = Debug;
		};
		841A168B25AC6CBB00CDD982 /* Release */ = {
			isa = XCBuildConfiguration;
			buildSettings = {
				ALWAYS_SEARCH_USER_PATHS = NO;
				CLANG_ANALYZER_NONNULL = YES;
				CLANG_ANALYZER_NUMBER_OBJECT_CONVERSION = YES_AGGRESSIVE;
				CLANG_CXX_LANGUAGE_STANDARD = "gnu++14";
				CLANG_CXX_LIBRARY = "libc++";
				CLANG_ENABLE_MODULES = YES;
				CLANG_ENABLE_OBJC_ARC = YES;
				CLANG_ENABLE_OBJC_WEAK = YES;
				CLANG_WARN_BLOCK_CAPTURE_AUTORELEASING = YES;
				CLANG_WARN_BOOL_CONVERSION = YES;
				CLANG_WARN_COMMA = YES;
				CLANG_WARN_CONSTANT_CONVERSION = YES;
				CLANG_WARN_DEPRECATED_OBJC_IMPLEMENTATIONS = YES;
				CLANG_WARN_DIRECT_OBJC_ISA_USAGE = YES_ERROR;
				CLANG_WARN_DOCUMENTATION_COMMENTS = YES;
				CLANG_WARN_EMPTY_BODY = YES;
				CLANG_WARN_ENUM_CONVERSION = YES;
				CLANG_WARN_INFINITE_RECURSION = YES;
				CLANG_WARN_INT_CONVERSION = YES;
				CLANG_WARN_NON_LITERAL_NULL_CONVERSION = YES;
				CLANG_WARN_OBJC_IMPLICIT_RETAIN_SELF = YES;
				CLANG_WARN_OBJC_LITERAL_CONVERSION = YES;
				CLANG_WARN_OBJC_ROOT_CLASS = YES_ERROR;
				CLANG_WARN_QUOTED_INCLUDE_IN_FRAMEWORK_HEADER = YES;
				CLANG_WARN_RANGE_LOOP_ANALYSIS = YES;
				CLANG_WARN_STRICT_PROTOTYPES = YES;
				CLANG_WARN_SUSPICIOUS_MOVE = YES;
				CLANG_WARN_UNGUARDED_AVAILABILITY = YES_AGGRESSIVE;
				CLANG_WARN_UNREACHABLE_CODE = YES;
				CLANG_WARN__DUPLICATE_METHOD_MATCH = YES;
				COPY_PHASE_STRIP = NO;
				DEBUG_INFORMATION_FORMAT = "dwarf-with-dsym";
				ENABLE_NS_ASSERTIONS = NO;
				ENABLE_STRICT_OBJC_MSGSEND = YES;
				GCC_C_LANGUAGE_STANDARD = gnu11;
				GCC_NO_COMMON_BLOCKS = YES;
				GCC_WARN_64_TO_32_BIT_CONVERSION = YES;
				GCC_WARN_ABOUT_RETURN_TYPE = YES_ERROR;
				GCC_WARN_UNDECLARED_SELECTOR = YES;
				GCC_WARN_UNINITIALIZED_AUTOS = YES_AGGRESSIVE;
				GCC_WARN_UNUSED_FUNCTION = YES;
				GCC_WARN_UNUSED_VARIABLE = YES;
				IPHONEOS_DEPLOYMENT_TARGET = 14.3;
				MTL_ENABLE_DEBUG_INFO = NO;
				MTL_FAST_MATH = YES;
				SDKROOT = iphoneos;
				SWIFT_COMPILATION_MODE = wholemodule;
				SWIFT_OPTIMIZATION_LEVEL = "-O";
				VALIDATE_PRODUCT = YES;
			};
			name = Release;
		};
		841A168D25AC6CBB00CDD982 /* Debug */ = {
			isa = XCBuildConfiguration;
			buildSettings = {
				ASSETCATALOG_COMPILER_APPICON_NAME = AppIcon;
				ASSETCATALOG_COMPILER_GLOBAL_ACCENT_COLOR_NAME = AccentColor;
				CODE_SIGN_STYLE = Automatic;
				DEVELOPMENT_ASSET_PATHS = "\"CurrencyExchangeApp/Preview Content\"";
				DEVELOPMENT_TEAM = 8ENZQ8J62J;
				ENABLE_PREVIEWS = YES;
				INFOPLIST_FILE = CurrencyExchangeApp/Info.plist;
				LD_RUNPATH_SEARCH_PATHS = (
					"$(inherited)",
					"@executable_path/Frameworks",
				);
				PRODUCT_BUNDLE_IDENTIFIER = kevinho0236.CurrencyExchangeApp;
				PRODUCT_NAME = "$(TARGET_NAME)";
				SWIFT_VERSION = 5.0;
				TARGETED_DEVICE_FAMILY = "1,2";
			};
			name = Debug;
		};
		841A168E25AC6CBB00CDD982 /* Release */ = {
			isa = XCBuildConfiguration;
			buildSettings = {
				ASSETCATALOG_COMPILER_APPICON_NAME = AppIcon;
				ASSETCATALOG_COMPILER_GLOBAL_ACCENT_COLOR_NAME = AccentColor;
				CODE_SIGN_STYLE = Automatic;
				DEVELOPMENT_ASSET_PATHS = "\"CurrencyExchangeApp/Preview Content\"";
				DEVELOPMENT_TEAM = 8ENZQ8J62J;
				ENABLE_PREVIEWS = YES;
				INFOPLIST_FILE = CurrencyExchangeApp/Info.plist;
				LD_RUNPATH_SEARCH_PATHS = (
					"$(inherited)",
					"@executable_path/Frameworks",
				);
				PRODUCT_BUNDLE_IDENTIFIER = kevinho0236.CurrencyExchangeApp;
				PRODUCT_NAME = "$(TARGET_NAME)";
				SWIFT_VERSION = 5.0;
				TARGETED_DEVICE_FAMILY = "1,2";
			};
			name = Release;
		};
		841A169025AC6CBB00CDD982 /* Debug */ = {
			isa = XCBuildConfiguration;
			buildSettings = {
				ALWAYS_EMBED_SWIFT_STANDARD_LIBRARIES = YES;
				BUNDLE_LOADER = "$(TEST_HOST)";
				CODE_SIGN_STYLE = Automatic;
				DEVELOPMENT_TEAM = 8ENZQ8J62J;
				INFOPLIST_FILE = CurrencyExchangeAppTests/Info.plist;
				IPHONEOS_DEPLOYMENT_TARGET = 14.3;
				LD_RUNPATH_SEARCH_PATHS = (
					"$(inherited)",
					"@executable_path/Frameworks",
					"@loader_path/Frameworks",
				);
				PRODUCT_BUNDLE_IDENTIFIER = kevinho0236.CurrencyExchangeAppTests;
				PRODUCT_NAME = "$(TARGET_NAME)";
				SWIFT_VERSION = 5.0;
				TARGETED_DEVICE_FAMILY = "1,2";
				TEST_HOST = "$(BUILT_PRODUCTS_DIR)/CurrencyExchangeApp.app/CurrencyExchangeApp";
			};
			name = Debug;
		};
		841A169125AC6CBB00CDD982 /* Release */ = {
			isa = XCBuildConfiguration;
			buildSettings = {
				ALWAYS_EMBED_SWIFT_STANDARD_LIBRARIES = YES;
				BUNDLE_LOADER = "$(TEST_HOST)";
				CODE_SIGN_STYLE = Automatic;
				DEVELOPMENT_TEAM = 8ENZQ8J62J;
				INFOPLIST_FILE = CurrencyExchangeAppTests/Info.plist;
				IPHONEOS_DEPLOYMENT_TARGET = 14.3;
				LD_RUNPATH_SEARCH_PATHS = (
					"$(inherited)",
					"@executable_path/Frameworks",
					"@loader_path/Frameworks",
				);
				PRODUCT_BUNDLE_IDENTIFIER = kevinho0236.CurrencyExchangeAppTests;
				PRODUCT_NAME = "$(TARGET_NAME)";
				SWIFT_VERSION = 5.0;
				TARGETED_DEVICE_FAMILY = "1,2";
				TEST_HOST = "$(BUILT_PRODUCTS_DIR)/CurrencyExchangeApp.app/CurrencyExchangeApp";
			};
			name = Release;
		};
		844370EB26E65F9300925DFA /* Debug */ = {
			isa = XCBuildConfiguration;
			buildSettings = {
				ALWAYS_EMBED_SWIFT_STANDARD_LIBRARIES = YES;
				ASSETCATALOG_COMPILER_APPICON_NAME = AppIcon;
				ASSETCATALOG_COMPILER_GLOBAL_ACCENT_COLOR_NAME = AccentColor;
				CODE_SIGN_STYLE = Automatic;
				DEVELOPMENT_TEAM = 8ENZQ8J62J;
				IBSC_MODULE = CurrencyExchangeWatchApp_Extension;
				INFOPLIST_FILE = CurrencyExchangeWatchApp/Info.plist;
				PRODUCT_BUNDLE_IDENTIFIER = kevinho0236.CurrencyExchangeApp.watchkitapp;
				PRODUCT_NAME = "$(TARGET_NAME)";
				SDKROOT = watchos;
				SKIP_INSTALL = YES;
				SWIFT_VERSION = 5.0;
				TARGETED_DEVICE_FAMILY = 4;
				WATCHOS_DEPLOYMENT_TARGET = 7.4;
			};
			name = Debug;
		};
		844370EC26E65F9300925DFA /* Release */ = {
			isa = XCBuildConfiguration;
			buildSettings = {
				ALWAYS_EMBED_SWIFT_STANDARD_LIBRARIES = YES;
				ASSETCATALOG_COMPILER_APPICON_NAME = AppIcon;
				ASSETCATALOG_COMPILER_GLOBAL_ACCENT_COLOR_NAME = AccentColor;
				CODE_SIGN_STYLE = Automatic;
				DEVELOPMENT_TEAM = 8ENZQ8J62J;
				IBSC_MODULE = CurrencyExchangeWatchApp_Extension;
				INFOPLIST_FILE = CurrencyExchangeWatchApp/Info.plist;
				PRODUCT_BUNDLE_IDENTIFIER = kevinho0236.CurrencyExchangeApp.watchkitapp;
				PRODUCT_NAME = "$(TARGET_NAME)";
				SDKROOT = watchos;
				SKIP_INSTALL = YES;
				SWIFT_VERSION = 5.0;
				TARGETED_DEVICE_FAMILY = 4;
				WATCHOS_DEPLOYMENT_TARGET = 7.4;
			};
			name = Release;
		};
		844370EE26E65F9300925DFA /* Debug */ = {
			isa = XCBuildConfiguration;
			buildSettings = {
				ASSETCATALOG_COMPILER_COMPLICATION_NAME = Complication;
				CODE_SIGN_STYLE = Automatic;
				DEVELOPMENT_ASSET_PATHS = "\"CurrencyExchangeWatchApp Extension/Preview Content\"";
				DEVELOPMENT_TEAM = 8ENZQ8J62J;
				ENABLE_PREVIEWS = YES;
				INFOPLIST_FILE = "CurrencyExchangeWatchApp Extension/Info.plist";
				LD_RUNPATH_SEARCH_PATHS = (
					"$(inherited)",
					"@executable_path/Frameworks",
					"@executable_path/../../Frameworks",
				);
				PRODUCT_BUNDLE_IDENTIFIER = kevinho0236.CurrencyExchangeApp.watchkitapp.watchkitextension;
				PRODUCT_NAME = "${TARGET_NAME}";
				SDKROOT = watchos;
				SKIP_INSTALL = YES;
				SWIFT_VERSION = 5.0;
				TARGETED_DEVICE_FAMILY = 4;
				WATCHOS_DEPLOYMENT_TARGET = 7.4;
			};
			name = Debug;
		};
		844370EF26E65F9300925DFA /* Release */ = {
			isa = XCBuildConfiguration;
			buildSettings = {
				ASSETCATALOG_COMPILER_COMPLICATION_NAME = Complication;
				CODE_SIGN_STYLE = Automatic;
				DEVELOPMENT_ASSET_PATHS = "\"CurrencyExchangeWatchApp Extension/Preview Content\"";
				DEVELOPMENT_TEAM = 8ENZQ8J62J;
				ENABLE_PREVIEWS = YES;
				INFOPLIST_FILE = "CurrencyExchangeWatchApp Extension/Info.plist";
				LD_RUNPATH_SEARCH_PATHS = (
					"$(inherited)",
					"@executable_path/Frameworks",
					"@executable_path/../../Frameworks",
				);
				PRODUCT_BUNDLE_IDENTIFIER = kevinho0236.CurrencyExchangeApp.watchkitapp.watchkitextension;
				PRODUCT_NAME = "${TARGET_NAME}";
				SDKROOT = watchos;
				SKIP_INSTALL = YES;
				SWIFT_VERSION = 5.0;
				TARGETED_DEVICE_FAMILY = 4;
				WATCHOS_DEPLOYMENT_TARGET = 7.4;
			};
			name = Release;
		};
		844370F026E65F9300925DFA /* Debug */ = {
			isa = XCBuildConfiguration;
			buildSettings = {
				ALWAYS_EMBED_SWIFT_STANDARD_LIBRARIES = YES;
				BUNDLE_LOADER = "$(TEST_HOST)";
				CODE_SIGN_STYLE = Automatic;
				DEVELOPMENT_TEAM = 8ENZQ8J62J;
				INFOPLIST_FILE = CurrencyExchangeWatchAppTests/Info.plist;
				LD_RUNPATH_SEARCH_PATHS = (
					"$(inherited)",
					"@executable_path/Frameworks",
					"@loader_path/Frameworks",
				);
				PRODUCT_BUNDLE_IDENTIFIER = kevinho0236.CurrencyExchangeApp.CurrencyExchangeWatchAppTests;
				PRODUCT_NAME = "$(TARGET_NAME)";
				SDKROOT = watchos;
				SWIFT_VERSION = 5.0;
				TARGETED_DEVICE_FAMILY = 4;
				TEST_HOST = "$(BUILT_PRODUCTS_DIR)/CurrencyExchangeWatchApp Extension.appex/CurrencyExchangeWatchApp Extension";
				WATCHOS_DEPLOYMENT_TARGET = 7.4;
			};
			name = Debug;
		};
		844370F126E65F9300925DFA /* Release */ = {
			isa = XCBuildConfiguration;
			buildSettings = {
				ALWAYS_EMBED_SWIFT_STANDARD_LIBRARIES = YES;
				BUNDLE_LOADER = "$(TEST_HOST)";
				CODE_SIGN_STYLE = Automatic;
				DEVELOPMENT_TEAM = 8ENZQ8J62J;
				INFOPLIST_FILE = CurrencyExchangeWatchAppTests/Info.plist;
				LD_RUNPATH_SEARCH_PATHS = (
					"$(inherited)",
					"@executable_path/Frameworks",
					"@loader_path/Frameworks",
				);
				PRODUCT_BUNDLE_IDENTIFIER = kevinho0236.CurrencyExchangeApp.CurrencyExchangeWatchAppTests;
				PRODUCT_NAME = "$(TARGET_NAME)";
				SDKROOT = watchos;
				SWIFT_VERSION = 5.0;
				TARGETED_DEVICE_FAMILY = 4;
				TEST_HOST = "$(BUILT_PRODUCTS_DIR)/CurrencyExchangeWatchApp Extension.appex/CurrencyExchangeWatchApp Extension";
				WATCHOS_DEPLOYMENT_TARGET = 7.4;
			};
			name = Release;
		};
		844370F226E65F9300925DFA /* Debug */ = {
			isa = XCBuildConfiguration;
			buildSettings = {
				CODE_SIGN_STYLE = Automatic;
				DEVELOPMENT_TEAM = 8ENZQ8J62J;
				INFOPLIST_FILE = CurrencyExchangeWatchAppUITests/Info.plist;
				LD_RUNPATH_SEARCH_PATHS = (
					"$(inherited)",
					"@executable_path/Frameworks",
					"@loader_path/Frameworks",
				);
				PRODUCT_BUNDLE_IDENTIFIER = kevinho0236.CurrencyExchangeApp.CurrencyExchangeWatchAppUITests;
				PRODUCT_NAME = "$(TARGET_NAME)";
				SDKROOT = watchos;
				SWIFT_VERSION = 5.0;
				TARGETED_DEVICE_FAMILY = 4;
				TEST_TARGET_NAME = CurrencyExchangeWatchApp;
				WATCHOS_DEPLOYMENT_TARGET = 7.4;
			};
			name = Debug;
		};
		844370F326E65F9300925DFA /* Release */ = {
			isa = XCBuildConfiguration;
			buildSettings = {
				CODE_SIGN_STYLE = Automatic;
				DEVELOPMENT_TEAM = 8ENZQ8J62J;
				INFOPLIST_FILE = CurrencyExchangeWatchAppUITests/Info.plist;
				LD_RUNPATH_SEARCH_PATHS = (
					"$(inherited)",
					"@executable_path/Frameworks",
					"@loader_path/Frameworks",
				);
				PRODUCT_BUNDLE_IDENTIFIER = kevinho0236.CurrencyExchangeApp.CurrencyExchangeWatchAppUITests;
				PRODUCT_NAME = "$(TARGET_NAME)";
				SDKROOT = watchos;
				SWIFT_VERSION = 5.0;
				TARGETED_DEVICE_FAMILY = 4;
				TEST_TARGET_NAME = CurrencyExchangeWatchApp;
				WATCHOS_DEPLOYMENT_TARGET = 7.4;
			};
			name = Release;
		};
/* End XCBuildConfiguration section */

/* Begin XCConfigurationList section */
		841A165D25AC6CB700CDD982 /* Build configuration list for PBXProject "CurrencyExchangeApp" */ = {
			isa = XCConfigurationList;
			buildConfigurations = (
				841A168A25AC6CBB00CDD982 /* Debug */,
				841A168B25AC6CBB00CDD982 /* Release */,
			);
			defaultConfigurationIsVisible = 0;
			defaultConfigurationName = Release;
		};
		841A168C25AC6CBB00CDD982 /* Build configuration list for PBXNativeTarget "CurrencyExchangeApp" */ = {
			isa = XCConfigurationList;
			buildConfigurations = (
				841A168D25AC6CBB00CDD982 /* Debug */,
				841A168E25AC6CBB00CDD982 /* Release */,
			);
			defaultConfigurationIsVisible = 0;
			defaultConfigurationName = Release;
		};
		841A168F25AC6CBB00CDD982 /* Build configuration list for PBXNativeTarget "CurrencyExchangeAppTests" */ = {
			isa = XCConfigurationList;
			buildConfigurations = (
				841A169025AC6CBB00CDD982 /* Debug */,
				841A169125AC6CBB00CDD982 /* Release */,
			);
			defaultConfigurationIsVisible = 0;
			defaultConfigurationName = Release;
		};
		844370F426E65F9300925DFA /* Build configuration list for PBXNativeTarget "CurrencyExchangeWatchApp Extension" */ = {
			isa = XCConfigurationList;
			buildConfigurations = (
				844370EE26E65F9300925DFA /* Debug */,
				844370EF26E65F9300925DFA /* Release */,
			);
			defaultConfigurationIsVisible = 0;
			defaultConfigurationName = Release;
		};
		844370F526E65F9300925DFA /* Build configuration list for PBXNativeTarget "CurrencyExchangeWatchApp" */ = {
			isa = XCConfigurationList;
			buildConfigurations = (
				844370EB26E65F9300925DFA /* Debug */,
				844370EC26E65F9300925DFA /* Release */,
			);
			defaultConfigurationIsVisible = 0;
			defaultConfigurationName = Release;
		};
		844370F626E65F9300925DFA /* Build configuration list for PBXNativeTarget "CurrencyExchangeWatchAppTests" */ = {
			isa = XCConfigurationList;
			buildConfigurations = (
				844370F026E65F9300925DFA /* Debug */,
				844370F126E65F9300925DFA /* Release */,
			);
			defaultConfigurationIsVisible = 0;
			defaultConfigurationName = Release;
		};
		844370F726E65F9300925DFA /* Build configuration list for PBXNativeTarget "CurrencyExchangeWatchAppUITests" */ = {
			isa = XCConfigurationList;
			buildConfigurations = (
				844370F226E65F9300925DFA /* Debug */,
				844370F326E65F9300925DFA /* Release */,
			);
			defaultConfigurationIsVisible = 0;
			defaultConfigurationName = Release;
		};
/* End XCConfigurationList section */
	};
	rootObject = 841A165A25AC6CB700CDD982 /* Project object */;
}
